
Microsoft Visual Studio Solution File, Format Version 12.00
# Visual Studio Version 16
VisualStudioVersion = 16.0.29503.13
MinimumVisualStudioVersion = 10.0.40219.1
Project("{9A19103F-16F7-4668-BE54-9A1E7A4F7556}") = "EMS.Email.Service", "EMS.Email.Service\EMS.Email.Service.csproj", "{2700D321-69AB-4288-9C3F-A697FD0408F0}"
EndProject
Project("{9A19103F-16F7-4668-BE54-9A1E7A4F7556}") = "Utilities.API", "..\EMS_Utilities_API\Utilities.API\Utilities.API.csproj", "{B5B67706-FA77-4DF0-875C-CB7502B4DAC6}"
EndProject
Project("{9A19103F-16F7-4668-BE54-9A1E7A4F7556}") = "EMS.Workflow.Data", "..\EMS_Workflow_API\EMS.Workflow.Data\EMS.Workflow.Data.csproj", "{F60F7133-618B-49E3-A4A7-691D7567F97B}"
EndProject
Global
	GlobalSection(SolutionConfigurationPlatforms) = preSolution
		Debug|Any CPU = Debug|Any CPU
		Release|Any CPU = Release|Any CPU
	EndGlobalSection
	GlobalSection(ProjectConfigurationPlatforms) = postSolution
		{2700D321-69AB-4288-9C3F-A697FD0408F0}.Debug|Any CPU.ActiveCfg = Debug|Any CPU
		{2700D321-69AB-4288-9C3F-A697FD0408F0}.Debug|Any CPU.Build.0 = Debug|Any CPU
		{2700D321-69AB-4288-9C3F-A697FD0408F0}.Release|Any CPU.ActiveCfg = Release|Any CPU
		{2700D321-69AB-4288-9C3F-A697FD0408F0}.Release|Any CPU.Build.0 = Release|Any CPU
		{B5B67706-FA77-4DF0-875C-CB7502B4DAC6}.Debug|Any CPU.ActiveCfg = Debug|Any CPU
		{B5B67706-FA77-4DF0-875C-CB7502B4DAC6}.Debug|Any CPU.Build.0 = Debug|Any CPU
		{B5B67706-FA77-4DF0-875C-CB7502B4DAC6}.Release|Any CPU.ActiveCfg = Release|Any CPU
		{B5B67706-FA77-4DF0-875C-CB7502B4DAC6}.Release|Any CPU.Build.0 = Release|Any CPU
		{F60F7133-618B-49E3-A4A7-691D7567F97B}.Debug|Any CPU.ActiveCfg = Debug|Any CPU
		{F60F7133-618B-49E3-A4A7-691D7567F97B}.Debug|Any CPU.Build.0 = Debug|Any CPU
		{F60F7133-618B-49E3-A4A7-691D7567F97B}.Release|Any CPU.ActiveCfg = Release|Any CPU
		{F60F7133-618B-49E3-A4A7-691D7567F97B}.Release|Any CPU.Build.0 = Release|Any CPU
	EndGlobalSection
	GlobalSection(SolutionProperties) = preSolution
		HideSolutionNode = FALSE
	EndGlobalSection
	GlobalSection(ExtensibilityGlobals) = postSolution
		SolutionGuid = {80DD0BA4-515F-49BA-A56D-111ADA62ACAD}
	EndGlobalSection
EndGlobal
