
Microsoft Visual Studio Solution File, Format Version 12.00
# Visual Studio Version 17
VisualStudioVersion = 17.0.32126.317
MinimumVisualStudioVersion = 10.0.40219.1
Project("{9A19103F-16F7-4668-BE54-9A1E7A4F7556}") = "EMS.FrontEnd", "EMS.FrontEnd\EMS.FrontEnd.csproj", "{73CAC69E-A71B-4F36-A046-FA2F61065B11}"
EndProject
Project("{9A19103F-16F7-4668-BE54-9A1E7A4F7556}") = "Utilities.ErrorLog", "..\EMS_Utilities_ErrorLog\Utilities.ErrorLog\Utilities.ErrorLog.csproj", "{6C29B7CD-CAFB-4F45-ABF7-EF980433E4D9}"
EndProject
Project("{9A19103F-16F7-4668-BE54-9A1E7A4F7556}") = "Utilities.API", "..\EMS_Utilities_API\Utilities.API\Utilities.API.csproj", "{E4F7C3EC-E7C6-4934-947F-8E01476283E3}"
EndProject
Project("{2150E333-8FDC-42A3-9474-1A3956D46DE8}") = "Services", "Services", "{EEE348A7-0577-41B7-AAD0-B9DE38E9557E}"
EndProject
Project("{2150E333-8FDC-42A3-9474-1A3956D46DE8}") = "Class Libraries", "Class Libraries", "{A0E4D65B-BC1C-4483-97CB-228839B3633A}"
EndProject
Project("{9A19103F-16F7-4668-BE54-9A1E7A4F7556}") = "EMS.Security.API", "..\EMS_Security_API\EMS.Security.API\EMS.Security.API.csproj", "{1EFBB4F8-D221-4ACD-ADD4-A08AA9008749}"
EndProject
Project("{9A19103F-16F7-4668-BE54-9A1E7A4F7556}") = "EMS_SecurityServiceModel", "..\EMS_Security_API\EMS_SecurityServiceModel\EMS_SecurityServiceModel.csproj", "{75B78379-7AD8-43FC-BD2D-BBCD3A4E3898}"
EndProject
Project("{2150E333-8FDC-42A3-9474-1A3956D46DE8}") = "Models", "Models", "{D1C2A236-EDCD-4834-B5AB-2424158B85D8}"
EndProject
Project("{9A19103F-16F7-4668-BE54-9A1E7A4F7556}") = "EMS.ManPower.API", "..\EMS_Manpower_API\EMS.ManPower.API\EMS.ManPower.API.csproj", "{F4CB62C1-C929-4364-AA4D-C82937FCC7E7}"
EndProject
Project("{9A19103F-16F7-4668-BE54-9A1E7A4F7556}") = "EMS.Plantilla.API", "..\EMS_Plantilla_API\EMS.Plantilla.API\EMS.Plantilla.API.csproj", "{D34E77CB-6268-4AE3-9F31-263B5EB355E9}"
EndProject
Project("{9A19103F-16F7-4668-BE54-9A1E7A4F7556}") = "EMS.Plantilla.Transfer", "..\EMS_Plantilla_API\EMS.Plantilla.Transfer\EMS.Plantilla.Transfer.csproj", "{BFD4A160-6A6C-4748-842F-34BDFCD6B345}"
EndProject
Project("{9A19103F-16F7-4668-BE54-9A1E7A4F7556}") = "EMS.Manpower.Transfer", "..\EMS_Manpower_API\EMS.ManPower.Transfer\EMS.Manpower.Transfer.csproj", "{8368B7E3-252A-492C-82B6-9A879BA012C3}"
EndProject
Project("{9A19103F-16F7-4668-BE54-9A1E7A4F7556}") = "EMS.Security.Transfer", "..\EMS_Security_API\EMS.Security.Transfer\EMS.Security.Transfer.csproj", "{922008D3-0C0B-478B-BCE7-15F1761D693F}"
EndProject
Project("{9A19103F-16F7-4668-BE54-9A1E7A4F7556}") = "EMS.Recruitment.Transfer", "..\EMS_Recruitment_API\EMS.Recruitment.Transfer\EMS.Recruitment.Transfer.csproj", "{83FEAE81-11D7-45B7-9141-863145DE862C}"
EndProject
Project("{9A19103F-16F7-4668-BE54-9A1E7A4F7556}") = "EMS.Recruitment.API", "..\EMS_Recruitment_API\EMS.Recruitment.API\EMS.Recruitment.API.csproj", "{909D9139-E14A-4D3E-A15A-26DA56870D83}"
EndProject
Project("{9A19103F-16F7-4668-BE54-9A1E7A4F7556}") = "EMS.Workflow.Transfer", "..\EMS_Workflow_API\EMS.Workflow.Transfer\EMS.Workflow.Transfer.csproj", "{203D8129-D2FC-4D98-9105-C1E2B78F6F21}"
EndProject
Project("{9A19103F-16F7-4668-BE54-9A1E7A4F7556}") = "EMS.IPM.API", "..\EMS_IPM_API\EMS.IPM.API\EMS.IPM.API.csproj", "{1842BA87-BB4D-44D2-A94B-FA0AF743A10C}"
EndProject
Project("{9A19103F-16F7-4668-BE54-9A1E7A4F7556}") = "EMS.IPM.Transfer", "..\EMS_IPM_API\EMS.IPM.Transfer\EMS.IPM.Transfer.csproj", "{64B0202B-B41D-4E99-AA72-AF2D57E2F926}"
EndProject
Global
	GlobalSection(SolutionConfigurationPlatforms) = preSolution
		Debug|Any CPU = Debug|Any CPU
		Release|Any CPU = Release|Any CPU
	EndGlobalSection
	GlobalSection(ProjectConfigurationPlatforms) = postSolution
		{73CAC69E-A71B-4F36-A046-FA2F61065B11}.Debug|Any CPU.ActiveCfg = Debug|Any CPU
		{73CAC69E-A71B-4F36-A046-FA2F61065B11}.Debug|Any CPU.Build.0 = Debug|Any CPU
		{73CAC69E-A71B-4F36-A046-FA2F61065B11}.Release|Any CPU.ActiveCfg = Release|Any CPU
		{73CAC69E-A71B-4F36-A046-FA2F61065B11}.Release|Any CPU.Build.0 = Release|Any CPU
		{6C29B7CD-CAFB-4F45-ABF7-EF980433E4D9}.Debug|Any CPU.ActiveCfg = Debug|Any CPU
		{6C29B7CD-CAFB-4F45-ABF7-EF980433E4D9}.Debug|Any CPU.Build.0 = Debug|Any CPU
		{6C29B7CD-CAFB-4F45-ABF7-EF980433E4D9}.Release|Any CPU.ActiveCfg = Release|Any CPU
		{6C29B7CD-CAFB-4F45-ABF7-EF980433E4D9}.Release|Any CPU.Build.0 = Release|Any CPU
		{E4F7C3EC-E7C6-4934-947F-8E01476283E3}.Debug|Any CPU.ActiveCfg = Debug|Any CPU
		{E4F7C3EC-E7C6-4934-947F-8E01476283E3}.Debug|Any CPU.Build.0 = Debug|Any CPU
		{E4F7C3EC-E7C6-4934-947F-8E01476283E3}.Release|Any CPU.ActiveCfg = Release|Any CPU
		{E4F7C3EC-E7C6-4934-947F-8E01476283E3}.Release|Any CPU.Build.0 = Release|Any CPU
		{1EFBB4F8-D221-4ACD-ADD4-A08AA9008749}.Debug|Any CPU.ActiveCfg = Debug|Any CPU
		{1EFBB4F8-D221-4ACD-ADD4-A08AA9008749}.Debug|Any CPU.Build.0 = Debug|Any CPU
		{1EFBB4F8-D221-4ACD-ADD4-A08AA9008749}.Release|Any CPU.ActiveCfg = Release|Any CPU
		{1EFBB4F8-D221-4ACD-ADD4-A08AA9008749}.Release|Any CPU.Build.0 = Release|Any CPU
		{75B78379-7AD8-43FC-BD2D-BBCD3A4E3898}.Debug|Any CPU.ActiveCfg = Debug|Any CPU
		{75B78379-7AD8-43FC-BD2D-BBCD3A4E3898}.Debug|Any CPU.Build.0 = Debug|Any CPU
		{75B78379-7AD8-43FC-BD2D-BBCD3A4E3898}.Release|Any CPU.ActiveCfg = Release|Any CPU
		{75B78379-7AD8-43FC-BD2D-BBCD3A4E3898}.Release|Any CPU.Build.0 = Release|Any CPU
		{F4CB62C1-C929-4364-AA4D-C82937FCC7E7}.Debug|Any CPU.ActiveCfg = Debug|Any CPU
		{F4CB62C1-C929-4364-AA4D-C82937FCC7E7}.Debug|Any CPU.Build.0 = Debug|Any CPU
		{F4CB62C1-C929-4364-AA4D-C82937FCC7E7}.Release|Any CPU.ActiveCfg = Release|Any CPU
		{F4CB62C1-C929-4364-AA4D-C82937FCC7E7}.Release|Any CPU.Build.0 = Release|Any CPU
		{D34E77CB-6268-4AE3-9F31-263B5EB355E9}.Debug|Any CPU.ActiveCfg = Debug|Any CPU
		{D34E77CB-6268-4AE3-9F31-263B5EB355E9}.Debug|Any CPU.Build.0 = Debug|Any CPU
		{D34E77CB-6268-4AE3-9F31-263B5EB355E9}.Release|Any CPU.ActiveCfg = Release|Any CPU
		{D34E77CB-6268-4AE3-9F31-263B5EB355E9}.Release|Any CPU.Build.0 = Release|Any CPU
		{BFD4A160-6A6C-4748-842F-34BDFCD6B345}.Debug|Any CPU.ActiveCfg = Debug|Any CPU
		{BFD4A160-6A6C-4748-842F-34BDFCD6B345}.Debug|Any CPU.Build.0 = Debug|Any CPU
		{BFD4A160-6A6C-4748-842F-34BDFCD6B345}.Release|Any CPU.ActiveCfg = Release|Any CPU
		{BFD4A160-6A6C-4748-842F-34BDFCD6B345}.Release|Any CPU.Build.0 = Release|Any CPU
		{8368B7E3-252A-492C-82B6-9A879BA012C3}.Debug|Any CPU.ActiveCfg = Debug|Any CPU
		{8368B7E3-252A-492C-82B6-9A879BA012C3}.Debug|Any CPU.Build.0 = Debug|Any CPU
		{8368B7E3-252A-492C-82B6-9A879BA012C3}.Release|Any CPU.ActiveCfg = Release|Any CPU
		{8368B7E3-252A-492C-82B6-9A879BA012C3}.Release|Any CPU.Build.0 = Release|Any CPU
		{922008D3-0C0B-478B-BCE7-15F1761D693F}.Debug|Any CPU.ActiveCfg = Debug|Any CPU
		{922008D3-0C0B-478B-BCE7-15F1761D693F}.Debug|Any CPU.Build.0 = Debug|Any CPU
		{922008D3-0C0B-478B-BCE7-15F1761D693F}.Release|Any CPU.ActiveCfg = Release|Any CPU
		{922008D3-0C0B-478B-BCE7-15F1761D693F}.Release|Any CPU.Build.0 = Release|Any CPU
		{83FEAE81-11D7-45B7-9141-863145DE862C}.Debug|Any CPU.ActiveCfg = Debug|Any CPU
		{83FEAE81-11D7-45B7-9141-863145DE862C}.Debug|Any CPU.Build.0 = Debug|Any CPU
		{83FEAE81-11D7-45B7-9141-863145DE862C}.Release|Any CPU.ActiveCfg = Release|Any CPU
		{83FEAE81-11D7-45B7-9141-863145DE862C}.Release|Any CPU.Build.0 = Release|Any CPU
		{909D9139-E14A-4D3E-A15A-26DA56870D83}.Debug|Any CPU.ActiveCfg = Debug|Any CPU
		{909D9139-E14A-4D3E-A15A-26DA56870D83}.Debug|Any CPU.Build.0 = Debug|Any CPU
		{909D9139-E14A-4D3E-A15A-26DA56870D83}.Release|Any CPU.ActiveCfg = Release|Any CPU
		{909D9139-E14A-4D3E-A15A-26DA56870D83}.Release|Any CPU.Build.0 = Release|Any CPU
		{203D8129-D2FC-4D98-9105-C1E2B78F6F21}.Debug|Any CPU.ActiveCfg = Debug|Any CPU
		{203D8129-D2FC-4D98-9105-C1E2B78F6F21}.Debug|Any CPU.Build.0 = Debug|Any CPU
		{203D8129-D2FC-4D98-9105-C1E2B78F6F21}.Release|Any CPU.ActiveCfg = Release|Any CPU
		{203D8129-D2FC-4D98-9105-C1E2B78F6F21}.Release|Any CPU.Build.0 = Release|Any CPU
		{1842BA87-BB4D-44D2-A94B-FA0AF743A10C}.Debug|Any CPU.ActiveCfg = Debug|Any CPU
		{1842BA87-BB4D-44D2-A94B-FA0AF743A10C}.Debug|Any CPU.Build.0 = Debug|Any CPU
		{1842BA87-BB4D-44D2-A94B-FA0AF743A10C}.Release|Any CPU.ActiveCfg = Release|Any CPU
		{1842BA87-BB4D-44D2-A94B-FA0AF743A10C}.Release|Any CPU.Build.0 = Release|Any CPU
		{64B0202B-B41D-4E99-AA72-AF2D57E2F926}.Debug|Any CPU.ActiveCfg = Debug|Any CPU
		{64B0202B-B41D-4E99-AA72-AF2D57E2F926}.Debug|Any CPU.Build.0 = Debug|Any CPU
		{64B0202B-B41D-4E99-AA72-AF2D57E2F926}.Release|Any CPU.ActiveCfg = Release|Any CPU
		{64B0202B-B41D-4E99-AA72-AF2D57E2F926}.Release|Any CPU.Build.0 = Release|Any CPU
	EndGlobalSection
	GlobalSection(SolutionProperties) = preSolution
		HideSolutionNode = FALSE
	EndGlobalSection
	GlobalSection(NestedProjects) = preSolution
		{6C29B7CD-CAFB-4F45-ABF7-EF980433E4D9} = {A0E4D65B-BC1C-4483-97CB-228839B3633A}
		{E4F7C3EC-E7C6-4934-947F-8E01476283E3} = {A0E4D65B-BC1C-4483-97CB-228839B3633A}
		{1EFBB4F8-D221-4ACD-ADD4-A08AA9008749} = {EEE348A7-0577-41B7-AAD0-B9DE38E9557E}
		{75B78379-7AD8-43FC-BD2D-BBCD3A4E3898} = {D1C2A236-EDCD-4834-B5AB-2424158B85D8}
		{F4CB62C1-C929-4364-AA4D-C82937FCC7E7} = {EEE348A7-0577-41B7-AAD0-B9DE38E9557E}
		{D34E77CB-6268-4AE3-9F31-263B5EB355E9} = {EEE348A7-0577-41B7-AAD0-B9DE38E9557E}
		{BFD4A160-6A6C-4748-842F-34BDFCD6B345} = {D1C2A236-EDCD-4834-B5AB-2424158B85D8}
		{8368B7E3-252A-492C-82B6-9A879BA012C3} = {D1C2A236-EDCD-4834-B5AB-2424158B85D8}
		{922008D3-0C0B-478B-BCE7-15F1761D693F} = {D1C2A236-EDCD-4834-B5AB-2424158B85D8}
		{83FEAE81-11D7-45B7-9141-863145DE862C} = {D1C2A236-EDCD-4834-B5AB-2424158B85D8}
		{909D9139-E14A-4D3E-A15A-26DA56870D83} = {EEE348A7-0577-41B7-AAD0-B9DE38E9557E}
		{203D8129-D2FC-4D98-9105-C1E2B78F6F21} = {D1C2A236-EDCD-4834-B5AB-2424158B85D8}
		{1842BA87-BB4D-44D2-A94B-FA0AF743A10C} = {EEE348A7-0577-41B7-AAD0-B9DE38E9557E}
		{64B0202B-B41D-4E99-AA72-AF2D57E2F926} = {D1C2A236-EDCD-4834-B5AB-2424158B85D8}
	EndGlobalSection
	GlobalSection(ExtensibilityGlobals) = postSolution
		SolutionGuid = {D5B9E8A1-FD07-4D44-8FE1-4A8BDA5302BB}
	EndGlobalSection
EndGlobal
